
Microsoft Visual Studio Solution File, Format Version 12.00
# Visual Studio Version 17
VisualStudioVersion = 17.1.32228.430
MinimumVisualStudioVersion = 10.0.40219.1
Project("{9A19103F-16F7-4668-BE54-9A1E7A4F7556}") = "IpStack", "IpStack\IpStack.csproj", "{ADEE4143-84C5-4249-8F6C-5FA0D02636C0}"
EndProject
Project("{FAE04EC0-301F-11D3-BF4B-00C04F79EFBC}") = "IpStack.Debug", "IpStack.Debug\IpStack.Debug.csproj", "{F36A3943-23D0-41DA-BDF2-E367B6C39066}"
EndProject
Global
	GlobalSection(SolutionConfigurationPlatforms) = preSolution
		Debug|Any CPU = Debug|Any CPU
		Release|Any CPU = Release|Any CPU
	EndGlobalSection
	GlobalSection(ProjectConfigurationPlatforms) = postSolution
		{ADEE4143-84C5-4249-8F6C-5FA0D02636C0}.Debug|Any CPU.ActiveCfg = Debug|Any CPU
		{ADEE4143-84C5-4249-8F6C-5FA0D02636C0}.Debug|Any CPU.Build.0 = Debug|Any CPU
		{ADEE4143-84C5-4249-8F6C-5FA0D02636C0}.Release|Any CPU.ActiveCfg = Release|Any CPU
		{ADEE4143-84C5-4249-8F6C-5FA0D02636C0}.Release|Any CPU.Build.0 = Release|Any CPU
		{F36A3943-23D0-41DA-BDF2-E367B6C39066}.Debug|Any CPU.ActiveCfg = Debug|Any CPU
		{F36A3943-23D0-41DA-BDF2-E367B6C39066}.Debug|Any CPU.Build.0 = Debug|Any CPU
		{F36A3943-23D0-41DA-BDF2-E367B6C39066}.Release|Any CPU.ActiveCfg = Release|Any CPU
		{F36A3943-23D0-41DA-BDF2-E367B6C39066}.Release|Any CPU.Build.0 = Release|Any CPU
	EndGlobalSection
	GlobalSection(SolutionProperties) = preSolution
		HideSolutionNode = FALSE
	EndGlobalSection
	GlobalSection(ExtensibilityGlobals) = postSolution
		SolutionGuid = {0B6C806B-DB3B-484C-8BC5-5806C0C76611}
	EndGlobalSection
EndGlobal
